
Microsoft Visual Studio Solution File, Format Version 12.00
# Visual Studio 15
VisualStudioVersion = 15.0.27703.2042
MinimumVisualStudioVersion = 10.0.40219.1
Project("{8BC9CEB8-8B4A-11D0-8D11-00A0C91BC942}") = "1", "1\1.vcxproj", "{A89B39CD-0AD2-4BF6-93CF-D550E689AEDA}"
EndProject
Global
	GlobalSection(SolutionConfigurationPlatforms) = preSolution
		Debug|x64 = Debug|x64
		Debug|x86 = Debug|x86
		Release|x64 = Release|x64
		Release|x86 = Release|x86
	EndGlobalSection
	GlobalSection(ProjectConfigurationPlatforms) = postSolution
		{A89B39CD-0AD2-4BF6-93CF-D550E689AEDA}.Debug|x64.ActiveCfg = Debug|x64
		{A89B39CD-0AD2-4BF6-93CF-D550E689AEDA}.Debug|x64.Build.0 = Debug|x64
		{A89B39CD-0AD2-4BF6-93CF-D550E689AEDA}.Debug|x86.ActiveCfg = Debug|Win32
		{A89B39CD-0AD2-4BF6-93CF-D550E689AEDA}.Debug|x86.Build.0 = Debug|Win32
		{A89B39CD-0AD2-4BF6-93CF-D550E689AEDA}.Release|x64.ActiveCfg = Release|x64
		{A89B39CD-0AD2-4BF6-93CF-D550E689AEDA}.Release|x64.Build.0 = Release|x64
		{A89B39CD-0AD2-4BF6-93CF-D550E689AEDA}.Release|x86.ActiveCfg = Release|Win32
		{A89B39CD-0AD2-4BF6-93CF-D550E689AEDA}.Release|x86.Build.0 = Release|Win32
	EndGlobalSection
	GlobalSection(SolutionProperties) = preSolution
		HideSolutionNode = FALSE
	EndGlobalSection
	GlobalSection(ExtensibilityGlobals) = postSolution
		SolutionGuid = {7C0F61F3-4B28-4CF6-8064-4FD2E5DBE8C6}
	EndGlobalSection
EndGlobal
