
Microsoft Visual Studio Solution File, Format Version 12.00
# Visual Studio 15
VisualStudioVersion = 15.0.27703.2042
MinimumVisualStudioVersion = 10.0.40219.1
Project("{8BC9CEB8-8B4A-11D0-8D11-00A0C91BC942}") = "6A", "6A\6A.vcxproj", "{582D3853-3A65-43A3-AE46-D15443D54656}"
EndProject
Global
	GlobalSection(SolutionConfigurationPlatforms) = preSolution
		Debug|x64 = Debug|x64
		Debug|x86 = Debug|x86
		Release|x64 = Release|x64
		Release|x86 = Release|x86
	EndGlobalSection
	GlobalSection(ProjectConfigurationPlatforms) = postSolution
		{582D3853-3A65-43A3-AE46-D15443D54656}.Debug|x64.ActiveCfg = Debug|x64
		{582D3853-3A65-43A3-AE46-D15443D54656}.Debug|x64.Build.0 = Debug|x64
		{582D3853-3A65-43A3-AE46-D15443D54656}.Debug|x86.ActiveCfg = Debug|Win32
		{582D3853-3A65-43A3-AE46-D15443D54656}.Debug|x86.Build.0 = Debug|Win32
		{582D3853-3A65-43A3-AE46-D15443D54656}.Release|x64.ActiveCfg = Release|x64
		{582D3853-3A65-43A3-AE46-D15443D54656}.Release|x64.Build.0 = Release|x64
		{582D3853-3A65-43A3-AE46-D15443D54656}.Release|x86.ActiveCfg = Release|Win32
		{582D3853-3A65-43A3-AE46-D15443D54656}.Release|x86.Build.0 = Release|Win32
	EndGlobalSection
	GlobalSection(SolutionProperties) = preSolution
		HideSolutionNode = FALSE
	EndGlobalSection
	GlobalSection(ExtensibilityGlobals) = postSolution
		SolutionGuid = {3CAB3A60-181C-45E1-95F7-951E6FA82A9E}
	EndGlobalSection
EndGlobal
