
Microsoft Visual Studio Solution File, Format Version 12.00
# Visual Studio 15
VisualStudioVersion = 15.0.27703.2042
MinimumVisualStudioVersion = 10.0.40219.1
Project("{8BC9CEB8-8B4A-11D0-8D11-00A0C91BC942}") = "17A", "17A\17A.vcxproj", "{62D03CDB-5167-4FCA-9FAD-0738A4F721F9}"
EndProject
Global
	GlobalSection(SolutionConfigurationPlatforms) = preSolution
		Debug|x64 = Debug|x64
		Debug|x86 = Debug|x86
		Release|x64 = Release|x64
		Release|x86 = Release|x86
	EndGlobalSection
	GlobalSection(ProjectConfigurationPlatforms) = postSolution
		{62D03CDB-5167-4FCA-9FAD-0738A4F721F9}.Debug|x64.ActiveCfg = Debug|x64
		{62D03CDB-5167-4FCA-9FAD-0738A4F721F9}.Debug|x64.Build.0 = Debug|x64
		{62D03CDB-5167-4FCA-9FAD-0738A4F721F9}.Debug|x86.ActiveCfg = Debug|Win32
		{62D03CDB-5167-4FCA-9FAD-0738A4F721F9}.Debug|x86.Build.0 = Debug|Win32
		{62D03CDB-5167-4FCA-9FAD-0738A4F721F9}.Release|x64.ActiveCfg = Release|x64
		{62D03CDB-5167-4FCA-9FAD-0738A4F721F9}.Release|x64.Build.0 = Release|x64
		{62D03CDB-5167-4FCA-9FAD-0738A4F721F9}.Release|x86.ActiveCfg = Release|Win32
		{62D03CDB-5167-4FCA-9FAD-0738A4F721F9}.Release|x86.Build.0 = Release|Win32
	EndGlobalSection
	GlobalSection(SolutionProperties) = preSolution
		HideSolutionNode = FALSE
	EndGlobalSection
	GlobalSection(ExtensibilityGlobals) = postSolution
		SolutionGuid = {63085B5D-9019-44E9-B114-FB158EA686D9}
	EndGlobalSection
EndGlobal
