
Microsoft Visual Studio Solution File, Format Version 12.00
# Visual Studio 15
VisualStudioVersion = 15.0.27703.2042
MinimumVisualStudioVersion = 10.0.40219.1
Project("{8BC9CEB8-8B4A-11D0-8D11-00A0C91BC942}") = "lol4", "lol4\lol4.vcxproj", "{16986B6E-5B61-4BC2-BAA6-647022C35A04}"
EndProject
Global
	GlobalSection(SolutionConfigurationPlatforms) = preSolution
		Debug|x64 = Debug|x64
		Debug|x86 = Debug|x86
		Release|x64 = Release|x64
		Release|x86 = Release|x86
	EndGlobalSection
	GlobalSection(ProjectConfigurationPlatforms) = postSolution
		{16986B6E-5B61-4BC2-BAA6-647022C35A04}.Debug|x64.ActiveCfg = Debug|x64
		{16986B6E-5B61-4BC2-BAA6-647022C35A04}.Debug|x64.Build.0 = Debug|x64
		{16986B6E-5B61-4BC2-BAA6-647022C35A04}.Debug|x86.ActiveCfg = Debug|Win32
		{16986B6E-5B61-4BC2-BAA6-647022C35A04}.Debug|x86.Build.0 = Debug|Win32
		{16986B6E-5B61-4BC2-BAA6-647022C35A04}.Release|x64.ActiveCfg = Release|x64
		{16986B6E-5B61-4BC2-BAA6-647022C35A04}.Release|x64.Build.0 = Release|x64
		{16986B6E-5B61-4BC2-BAA6-647022C35A04}.Release|x86.ActiveCfg = Release|Win32
		{16986B6E-5B61-4BC2-BAA6-647022C35A04}.Release|x86.Build.0 = Release|Win32
	EndGlobalSection
	GlobalSection(SolutionProperties) = preSolution
		HideSolutionNode = FALSE
	EndGlobalSection
	GlobalSection(ExtensibilityGlobals) = postSolution
		SolutionGuid = {EBAB59D2-0976-45C6-A111-B85EF34B327D}
	EndGlobalSection
EndGlobal
