
Microsoft Visual Studio Solution File, Format Version 12.00
# Visual Studio 15
VisualStudioVersion = 15.0.27703.2042
MinimumVisualStudioVersion = 10.0.40219.1
Project("{8BC9CEB8-8B4A-11D0-8D11-00A0C91BC942}") = "Inversions", "Inversions\Inversions.vcxproj", "{BDF56035-2593-4180-9273-3E306A0C3009}"
EndProject
Global
	GlobalSection(SolutionConfigurationPlatforms) = preSolution
		Debug|x64 = Debug|x64
		Debug|x86 = Debug|x86
		Release|x64 = Release|x64
		Release|x86 = Release|x86
	EndGlobalSection
	GlobalSection(ProjectConfigurationPlatforms) = postSolution
		{BDF56035-2593-4180-9273-3E306A0C3009}.Debug|x64.ActiveCfg = Debug|x64
		{BDF56035-2593-4180-9273-3E306A0C3009}.Debug|x64.Build.0 = Debug|x64
		{BDF56035-2593-4180-9273-3E306A0C3009}.Debug|x86.ActiveCfg = Debug|Win32
		{BDF56035-2593-4180-9273-3E306A0C3009}.Debug|x86.Build.0 = Debug|Win32
		{BDF56035-2593-4180-9273-3E306A0C3009}.Release|x64.ActiveCfg = Release|x64
		{BDF56035-2593-4180-9273-3E306A0C3009}.Release|x64.Build.0 = Release|x64
		{BDF56035-2593-4180-9273-3E306A0C3009}.Release|x86.ActiveCfg = Release|Win32
		{BDF56035-2593-4180-9273-3E306A0C3009}.Release|x86.Build.0 = Release|Win32
	EndGlobalSection
	GlobalSection(SolutionProperties) = preSolution
		HideSolutionNode = FALSE
	EndGlobalSection
	GlobalSection(ExtensibilityGlobals) = postSolution
		SolutionGuid = {B1705CE6-61AD-45C5-ADDD-619C53E9680C}
	EndGlobalSection
EndGlobal
