
Microsoft Visual Studio Solution File, Format Version 12.00
# Visual Studio 15
VisualStudioVersion = 15.0.27703.2042
MinimumVisualStudioVersion = 10.0.40219.1
Project("{8BC9CEB8-8B4A-11D0-8D11-00A0C91BC942}") = "4A", "4A\4A.vcxproj", "{1EFC60DD-00D7-4768-A1B3-404DCA1C9DAB}"
EndProject
Global
	GlobalSection(SolutionConfigurationPlatforms) = preSolution
		Debug|x64 = Debug|x64
		Debug|x86 = Debug|x86
		Release|x64 = Release|x64
		Release|x86 = Release|x86
	EndGlobalSection
	GlobalSection(ProjectConfigurationPlatforms) = postSolution
		{1EFC60DD-00D7-4768-A1B3-404DCA1C9DAB}.Debug|x64.ActiveCfg = Debug|x64
		{1EFC60DD-00D7-4768-A1B3-404DCA1C9DAB}.Debug|x64.Build.0 = Debug|x64
		{1EFC60DD-00D7-4768-A1B3-404DCA1C9DAB}.Debug|x86.ActiveCfg = Debug|Win32
		{1EFC60DD-00D7-4768-A1B3-404DCA1C9DAB}.Debug|x86.Build.0 = Debug|Win32
		{1EFC60DD-00D7-4768-A1B3-404DCA1C9DAB}.Release|x64.ActiveCfg = Release|x64
		{1EFC60DD-00D7-4768-A1B3-404DCA1C9DAB}.Release|x64.Build.0 = Release|x64
		{1EFC60DD-00D7-4768-A1B3-404DCA1C9DAB}.Release|x86.ActiveCfg = Release|Win32
		{1EFC60DD-00D7-4768-A1B3-404DCA1C9DAB}.Release|x86.Build.0 = Release|Win32
	EndGlobalSection
	GlobalSection(SolutionProperties) = preSolution
		HideSolutionNode = FALSE
	EndGlobalSection
	GlobalSection(ExtensibilityGlobals) = postSolution
		SolutionGuid = {B4A648F5-05BC-4BD4-9747-4AE8DEAE6103}
	EndGlobalSection
EndGlobal
